
Microsoft Visual Studio Solution File, Format Version 12.00
# Visual Studio Version 16
VisualStudioVersion = 16.0.29519.87
MinimumVisualStudioVersion = 10.0.40219.1
Project("{FAE04EC0-301F-11D3-BF4B-00C04F79EFBC}") = "RedditClone", "RedditClone\RedditClone.csproj", "{AF178A6C-2327-4CBE-AC2E-E141BA528C2A}"
EndProject
Global
	GlobalSection(SolutionConfigurationPlatforms) = preSolution
		Debug|Any CPU = Debug|Any CPU
		Release|Any CPU = Release|Any CPU
	EndGlobalSection
	GlobalSection(ProjectConfigurationPlatforms) = postSolution
		{AF178A6C-2327-4CBE-AC2E-E141BA528C2A}.Debug|Any CPU.ActiveCfg = Debug|Any CPU
		{AF178A6C-2327-4CBE-AC2E-E141BA528C2A}.Debug|Any CPU.Build.0 = Debug|Any CPU
		{AF178A6C-2327-4CBE-AC2E-E141BA528C2A}.Release|Any CPU.ActiveCfg = Release|Any CPU
		{AF178A6C-2327-4CBE-AC2E-E141BA528C2A}.Release|Any CPU.Build.0 = Release|Any CPU
	EndGlobalSection
	GlobalSection(SolutionProperties) = preSolution
		HideSolutionNode = FALSE
	EndGlobalSection
	GlobalSection(ExtensibilityGlobals) = postSolution
		SolutionGuid = {948B85A0-6E1C-48A6-9E8C-6F09C0DF4D9B}
	EndGlobalSection
EndGlobal
